
Microsoft Visual Studio Solution File, Format Version 12.00
# Visual Studio Version 16
VisualStudioVersion = 16.0.29709.97
MinimumVisualStudioVersion = 10.0.40219.1
Project("{FAE04EC0-301F-11D3-BF4B-00C04F79EFBC}") = "Utilities", "Utilities\Utilities.csproj", "{273B95B7-0ED5-4092-87FC-F04B0967C759}"
EndProject
Project("{2150E333-8FDC-42A3-9474-1A3956D46DE8}") = "Testing", "Testing", "{2CA914F5-017E-46E1-9314-049BAB556559}"
EndProject
Project("{FAE04EC0-301F-11D3-BF4B-00C04F79EFBC}") = "UnitTestProject1", "UnitTestProject1\UnitTestProject1.csproj", "{9F461C22-2AF4-4CFE-9876-D19262CDD633}"
EndProject
Project("{2150E333-8FDC-42A3-9474-1A3956D46DE8}") = "Information", "Information", "{398417CA-BCCF-4608-9284-F5849C483B77}"
	ProjectSection(SolutionItems) = preProject
		intro.txt = intro.txt
		..\README.md = ..\README.md
	EndProjectSection
EndProject
Project("{2150E333-8FDC-42A3-9474-1A3956D46DE8}") = "NavyCOOLPublishing", "NavyCOOLPublishing", "{4D844E7F-FFC3-4B15-94CB-79786113E034}"
EndProject
Project("{2150E333-8FDC-42A3-9474-1A3956D46DE8}") = "NavyCOOLBox.Client", "NavyCOOLBox.Client", "{44FCE43F-07E6-43F8-9771-66EAA745B5F3}"
EndProject
Project("{FAE04EC0-301F-11D3-BF4B-00C04F79EFBC}") = "NavyCOOLBox.Services", "NavyCOOLBox.Client\NavyCOOLBox.Services\NavyCOOLBox.Services.csproj", "{571DB016-A245-4107-8510-67B6E0C10E4D}"
EndProject
Project("{FAE04EC0-301F-11D3-BF4B-00C04F79EFBC}") = "NavyCOOLBox.Models", "NavyCOOLBox.Client\NavyCOOLBox.Models\NavyCOOLBox.Models.csproj", "{A7A6BC5F-23D5-42A9-AAC7-B200DCF456B3}"
EndProject
Project("{FAE04EC0-301F-11D3-BF4B-00C04F79EFBC}") = "Solid.Models", "NavyCOOLBox.Client\Solid.Models\Solid.Models.csproj", "{9DD867B2-F8D9-4E77-85BF-AE0836032785}"
EndProject
Project("{FAE04EC0-301F-11D3-BF4B-00C04F79EFBC}") = "NavyCOOLPublish", "NavyCOOLBox.Client\NavyCOOLPublish\NavyCOOLPublish.csproj", "{CBEC4FE4-AA2C-451B-B94F-74280A5A2965}"
EndProject
Project("{FAE04EC0-301F-11D3-BF4B-00C04F79EFBC}") = "NavyCOOLBox.Factories", "NavyCOOLBox.Client\NavyCOOLBox.Factories\NavyCOOLBox.Factories.csproj", "{32F7611E-2741-43C3-B19E-91EFFAF59D2F}"
EndProject
Project("{FAE04EC0-301F-11D3-BF4B-00C04F79EFBC}") = "COOLTool.Services", "NavyCOOLPublishing\COOLTool.Services\COOLTool.Services.csproj", "{3671CB73-DA2A-42C6-828E-B70BF473B47C}"
EndProject
Project("{FAE04EC0-301F-11D3-BF4B-00C04F79EFBC}") = "NavyCOOL.PublishingAPI", "NavyCOOLPublishing\NavyCOOL.PublishingAPI\NavyCOOL.PublishingAPI.csproj", "{DF949725-1705-4081-B75E-8C0486073D1F}"
EndProject
Project("{FAE04EC0-301F-11D3-BF4B-00C04F79EFBC}") = "NavyCOOLUnitTesting", "NavyCOOLPublishing\NavyCOOLUnitTesting\NavyCOOLUnitTesting.csproj", "{F626A532-8456-41BE-A130-72099B63C339}"
EndProject
Global
	GlobalSection(SolutionConfigurationPlatforms) = preSolution
		Azure|Any CPU = Azure|Any CPU
		Debug|Any CPU = Debug|Any CPU
		Release|Any CPU = Release|Any CPU
		Sandbox|Any CPU = Sandbox|Any CPU
		Staging|Any CPU = Staging|Any CPU
	EndGlobalSection
	GlobalSection(ProjectConfigurationPlatforms) = postSolution
		{273B95B7-0ED5-4092-87FC-F04B0967C759}.Azure|Any CPU.ActiveCfg = Release|Any CPU
		{273B95B7-0ED5-4092-87FC-F04B0967C759}.Azure|Any CPU.Build.0 = Release|Any CPU
		{273B95B7-0ED5-4092-87FC-F04B0967C759}.Debug|Any CPU.ActiveCfg = Debug|Any CPU
		{273B95B7-0ED5-4092-87FC-F04B0967C759}.Debug|Any CPU.Build.0 = Debug|Any CPU
		{273B95B7-0ED5-4092-87FC-F04B0967C759}.Release|Any CPU.ActiveCfg = Release|Any CPU
		{273B95B7-0ED5-4092-87FC-F04B0967C759}.Release|Any CPU.Build.0 = Release|Any CPU
		{273B95B7-0ED5-4092-87FC-F04B0967C759}.Sandbox|Any CPU.ActiveCfg = Release|Any CPU
		{273B95B7-0ED5-4092-87FC-F04B0967C759}.Sandbox|Any CPU.Build.0 = Release|Any CPU
		{273B95B7-0ED5-4092-87FC-F04B0967C759}.Staging|Any CPU.ActiveCfg = Release|Any CPU
		{273B95B7-0ED5-4092-87FC-F04B0967C759}.Staging|Any CPU.Build.0 = Release|Any CPU
		{9F461C22-2AF4-4CFE-9876-D19262CDD633}.Azure|Any CPU.ActiveCfg = Release|Any CPU
		{9F461C22-2AF4-4CFE-9876-D19262CDD633}.Azure|Any CPU.Build.0 = Release|Any CPU
		{9F461C22-2AF4-4CFE-9876-D19262CDD633}.Debug|Any CPU.ActiveCfg = Debug|Any CPU
		{9F461C22-2AF4-4CFE-9876-D19262CDD633}.Debug|Any CPU.Build.0 = Debug|Any CPU
		{9F461C22-2AF4-4CFE-9876-D19262CDD633}.Release|Any CPU.ActiveCfg = Release|Any CPU
		{9F461C22-2AF4-4CFE-9876-D19262CDD633}.Release|Any CPU.Build.0 = Release|Any CPU
		{9F461C22-2AF4-4CFE-9876-D19262CDD633}.Sandbox|Any CPU.ActiveCfg = Release|Any CPU
		{9F461C22-2AF4-4CFE-9876-D19262CDD633}.Sandbox|Any CPU.Build.0 = Release|Any CPU
		{9F461C22-2AF4-4CFE-9876-D19262CDD633}.Staging|Any CPU.ActiveCfg = Release|Any CPU
		{9F461C22-2AF4-4CFE-9876-D19262CDD633}.Staging|Any CPU.Build.0 = Release|Any CPU
		{571DB016-A245-4107-8510-67B6E0C10E4D}.Azure|Any CPU.ActiveCfg = Release|Any CPU
		{571DB016-A245-4107-8510-67B6E0C10E4D}.Azure|Any CPU.Build.0 = Release|Any CPU
		{571DB016-A245-4107-8510-67B6E0C10E4D}.Debug|Any CPU.ActiveCfg = Debug|Any CPU
		{571DB016-A245-4107-8510-67B6E0C10E4D}.Debug|Any CPU.Build.0 = Debug|Any CPU
		{571DB016-A245-4107-8510-67B6E0C10E4D}.Release|Any CPU.ActiveCfg = Release|Any CPU
		{571DB016-A245-4107-8510-67B6E0C10E4D}.Release|Any CPU.Build.0 = Release|Any CPU
		{571DB016-A245-4107-8510-67B6E0C10E4D}.Sandbox|Any CPU.ActiveCfg = Release|Any CPU
		{571DB016-A245-4107-8510-67B6E0C10E4D}.Sandbox|Any CPU.Build.0 = Release|Any CPU
		{571DB016-A245-4107-8510-67B6E0C10E4D}.Staging|Any CPU.ActiveCfg = Release|Any CPU
		{571DB016-A245-4107-8510-67B6E0C10E4D}.Staging|Any CPU.Build.0 = Release|Any CPU
		{A7A6BC5F-23D5-42A9-AAC7-B200DCF456B3}.Azure|Any CPU.ActiveCfg = Release|Any CPU
		{A7A6BC5F-23D5-42A9-AAC7-B200DCF456B3}.Azure|Any CPU.Build.0 = Release|Any CPU
		{A7A6BC5F-23D5-42A9-AAC7-B200DCF456B3}.Debug|Any CPU.ActiveCfg = Debug|Any CPU
		{A7A6BC5F-23D5-42A9-AAC7-B200DCF456B3}.Debug|Any CPU.Build.0 = Debug|Any CPU
		{A7A6BC5F-23D5-42A9-AAC7-B200DCF456B3}.Release|Any CPU.ActiveCfg = Release|Any CPU
		{A7A6BC5F-23D5-42A9-AAC7-B200DCF456B3}.Release|Any CPU.Build.0 = Release|Any CPU
		{A7A6BC5F-23D5-42A9-AAC7-B200DCF456B3}.Sandbox|Any CPU.ActiveCfg = Release|Any CPU
		{A7A6BC5F-23D5-42A9-AAC7-B200DCF456B3}.Sandbox|Any CPU.Build.0 = Release|Any CPU
		{A7A6BC5F-23D5-42A9-AAC7-B200DCF456B3}.Staging|Any CPU.ActiveCfg = Release|Any CPU
		{A7A6BC5F-23D5-42A9-AAC7-B200DCF456B3}.Staging|Any CPU.Build.0 = Release|Any CPU
		{9DD867B2-F8D9-4E77-85BF-AE0836032785}.Azure|Any CPU.ActiveCfg = Release|Any CPU
		{9DD867B2-F8D9-4E77-85BF-AE0836032785}.Azure|Any CPU.Build.0 = Release|Any CPU
		{9DD867B2-F8D9-4E77-85BF-AE0836032785}.Debug|Any CPU.ActiveCfg = Debug|Any CPU
		{9DD867B2-F8D9-4E77-85BF-AE0836032785}.Debug|Any CPU.Build.0 = Debug|Any CPU
		{9DD867B2-F8D9-4E77-85BF-AE0836032785}.Release|Any CPU.ActiveCfg = Release|Any CPU
		{9DD867B2-F8D9-4E77-85BF-AE0836032785}.Release|Any CPU.Build.0 = Release|Any CPU
		{9DD867B2-F8D9-4E77-85BF-AE0836032785}.Sandbox|Any CPU.ActiveCfg = Release|Any CPU
		{9DD867B2-F8D9-4E77-85BF-AE0836032785}.Sandbox|Any CPU.Build.0 = Release|Any CPU
		{9DD867B2-F8D9-4E77-85BF-AE0836032785}.Staging|Any CPU.ActiveCfg = Release|Any CPU
		{9DD867B2-F8D9-4E77-85BF-AE0836032785}.Staging|Any CPU.Build.0 = Release|Any CPU
		{CBEC4FE4-AA2C-451B-B94F-74280A5A2965}.Azure|Any CPU.ActiveCfg = Release|Any CPU
		{CBEC4FE4-AA2C-451B-B94F-74280A5A2965}.Azure|Any CPU.Build.0 = Release|Any CPU
		{CBEC4FE4-AA2C-451B-B94F-74280A5A2965}.Debug|Any CPU.ActiveCfg = Debug|Any CPU
		{CBEC4FE4-AA2C-451B-B94F-74280A5A2965}.Debug|Any CPU.Build.0 = Debug|Any CPU
		{CBEC4FE4-AA2C-451B-B94F-74280A5A2965}.Release|Any CPU.ActiveCfg = Release|Any CPU
		{CBEC4FE4-AA2C-451B-B94F-74280A5A2965}.Release|Any CPU.Build.0 = Release|Any CPU
		{CBEC4FE4-AA2C-451B-B94F-74280A5A2965}.Sandbox|Any CPU.ActiveCfg = Release|Any CPU
		{CBEC4FE4-AA2C-451B-B94F-74280A5A2965}.Sandbox|Any CPU.Build.0 = Release|Any CPU
		{CBEC4FE4-AA2C-451B-B94F-74280A5A2965}.Staging|Any CPU.ActiveCfg = Release|Any CPU
		{CBEC4FE4-AA2C-451B-B94F-74280A5A2965}.Staging|Any CPU.Build.0 = Release|Any CPU
		{32F7611E-2741-43C3-B19E-91EFFAF59D2F}.Azure|Any CPU.ActiveCfg = Release|Any CPU
		{32F7611E-2741-43C3-B19E-91EFFAF59D2F}.Azure|Any CPU.Build.0 = Release|Any CPU
		{32F7611E-2741-43C3-B19E-91EFFAF59D2F}.Debug|Any CPU.ActiveCfg = Debug|Any CPU
		{32F7611E-2741-43C3-B19E-91EFFAF59D2F}.Debug|Any CPU.Build.0 = Debug|Any CPU
		{32F7611E-2741-43C3-B19E-91EFFAF59D2F}.Release|Any CPU.ActiveCfg = Release|Any CPU
		{32F7611E-2741-43C3-B19E-91EFFAF59D2F}.Release|Any CPU.Build.0 = Release|Any CPU
		{32F7611E-2741-43C3-B19E-91EFFAF59D2F}.Sandbox|Any CPU.ActiveCfg = Release|Any CPU
		{32F7611E-2741-43C3-B19E-91EFFAF59D2F}.Sandbox|Any CPU.Build.0 = Release|Any CPU
		{32F7611E-2741-43C3-B19E-91EFFAF59D2F}.Staging|Any CPU.ActiveCfg = Release|Any CPU
		{32F7611E-2741-43C3-B19E-91EFFAF59D2F}.Staging|Any CPU.Build.0 = Release|Any CPU
		{3671CB73-DA2A-42C6-828E-B70BF473B47C}.Azure|Any CPU.ActiveCfg = Release|Any CPU
		{3671CB73-DA2A-42C6-828E-B70BF473B47C}.Azure|Any CPU.Build.0 = Release|Any CPU
		{3671CB73-DA2A-42C6-828E-B70BF473B47C}.Debug|Any CPU.ActiveCfg = Debug|Any CPU
		{3671CB73-DA2A-42C6-828E-B70BF473B47C}.Debug|Any CPU.Build.0 = Debug|Any CPU
		{3671CB73-DA2A-42C6-828E-B70BF473B47C}.Release|Any CPU.ActiveCfg = Release|Any CPU
		{3671CB73-DA2A-42C6-828E-B70BF473B47C}.Release|Any CPU.Build.0 = Release|Any CPU
		{3671CB73-DA2A-42C6-828E-B70BF473B47C}.Sandbox|Any CPU.ActiveCfg = Release|Any CPU
		{3671CB73-DA2A-42C6-828E-B70BF473B47C}.Sandbox|Any CPU.Build.0 = Release|Any CPU
		{3671CB73-DA2A-42C6-828E-B70BF473B47C}.Staging|Any CPU.ActiveCfg = Release|Any CPU
		{3671CB73-DA2A-42C6-828E-B70BF473B47C}.Staging|Any CPU.Build.0 = Release|Any CPU
		{DF949725-1705-4081-B75E-8C0486073D1F}.Azure|Any CPU.ActiveCfg = Release|Any CPU
		{DF949725-1705-4081-B75E-8C0486073D1F}.Azure|Any CPU.Build.0 = Release|Any CPU
		{DF949725-1705-4081-B75E-8C0486073D1F}.Debug|Any CPU.ActiveCfg = Sandbox|Any CPU
		{DF949725-1705-4081-B75E-8C0486073D1F}.Debug|Any CPU.Build.0 = Sandbox|Any CPU
		{DF949725-1705-4081-B75E-8C0486073D1F}.Release|Any CPU.ActiveCfg = Release|Any CPU
		{DF949725-1705-4081-B75E-8C0486073D1F}.Release|Any CPU.Build.0 = Release|Any CPU
		{DF949725-1705-4081-B75E-8C0486073D1F}.Sandbox|Any CPU.ActiveCfg = Release|Any CPU
		{DF949725-1705-4081-B75E-8C0486073D1F}.Sandbox|Any CPU.Build.0 = Release|Any CPU
		{DF949725-1705-4081-B75E-8C0486073D1F}.Staging|Any CPU.ActiveCfg = Release|Any CPU
		{DF949725-1705-4081-B75E-8C0486073D1F}.Staging|Any CPU.Build.0 = Release|Any CPU
		{F626A532-8456-41BE-A130-72099B63C339}.Azure|Any CPU.ActiveCfg = Release|Any CPU
		{F626A532-8456-41BE-A130-72099B63C339}.Azure|Any CPU.Build.0 = Release|Any CPU
		{F626A532-8456-41BE-A130-72099B63C339}.Debug|Any CPU.ActiveCfg = Debug|Any CPU
		{F626A532-8456-41BE-A130-72099B63C339}.Debug|Any CPU.Build.0 = Debug|Any CPU
		{F626A532-8456-41BE-A130-72099B63C339}.Release|Any CPU.ActiveCfg = Release|Any CPU
		{F626A532-8456-41BE-A130-72099B63C339}.Release|Any CPU.Build.0 = Release|Any CPU
		{F626A532-8456-41BE-A130-72099B63C339}.Sandbox|Any CPU.ActiveCfg = Release|Any CPU
		{F626A532-8456-41BE-A130-72099B63C339}.Sandbox|Any CPU.Build.0 = Release|Any CPU
		{F626A532-8456-41BE-A130-72099B63C339}.Staging|Any CPU.ActiveCfg = Release|Any CPU
		{F626A532-8456-41BE-A130-72099B63C339}.Staging|Any CPU.Build.0 = Release|Any CPU
	EndGlobalSection
	GlobalSection(SolutionProperties) = preSolution
		HideSolutionNode = FALSE
	EndGlobalSection
	GlobalSection(NestedProjects) = preSolution
		{9F461C22-2AF4-4CFE-9876-D19262CDD633} = {2CA914F5-017E-46E1-9314-049BAB556559}
		{571DB016-A245-4107-8510-67B6E0C10E4D} = {44FCE43F-07E6-43F8-9771-66EAA745B5F3}
		{A7A6BC5F-23D5-42A9-AAC7-B200DCF456B3} = {44FCE43F-07E6-43F8-9771-66EAA745B5F3}
		{9DD867B2-F8D9-4E77-85BF-AE0836032785} = {44FCE43F-07E6-43F8-9771-66EAA745B5F3}
		{CBEC4FE4-AA2C-451B-B94F-74280A5A2965} = {44FCE43F-07E6-43F8-9771-66EAA745B5F3}
		{32F7611E-2741-43C3-B19E-91EFFAF59D2F} = {44FCE43F-07E6-43F8-9771-66EAA745B5F3}
		{3671CB73-DA2A-42C6-828E-B70BF473B47C} = {4D844E7F-FFC3-4B15-94CB-79786113E034}
		{DF949725-1705-4081-B75E-8C0486073D1F} = {4D844E7F-FFC3-4B15-94CB-79786113E034}
		{F626A532-8456-41BE-A130-72099B63C339} = {4D844E7F-FFC3-4B15-94CB-79786113E034}
	EndGlobalSection
	GlobalSection(ExtensibilityGlobals) = postSolution
		SolutionGuid = {A2D91B49-0561-4545-9A09-B50D37A96C98}
	EndGlobalSection
EndGlobal
